{
  "name": "art2ascii",
  "version": "1.0.0",
  "lockfileVersion": 2,
  "requires": true,
  "packages": {
    "": {
      "name": "art2ascii",
      "version": "1.0.0",
      "license": "MIT",
      "dependencies": {
        "ansi_up": "^6.0.2"
      },
      "devDependencies": {
        "typescript": "^5.4.5"
      }
    },
    "node_modules/ansi_up": {
      "version": "6.0.2",
      "resolved": "https://registry.npmjs.org/ansi_up/-/ansi_up-6.0.2.tgz",
      "integrity": "sha512-3G3vKvl1ilEp7J1u6BmULpMA0xVoW/f4Ekqhl8RTrJrhEBkonKn5k3bUc5Xt+qDayA6iDX0jyUh3AbZjB/l0tw==",
      "engines": {
        "node": "*"
      }
    },
    "node_modules/typescript": {
      "version": "5.4.5",
      "resolved": "https://registry.npmjs.org/typescript/-/typescript-5.4.5.tgz",
      "integrity": "sha512-vcI4UpRgg81oIRUFwR0WSIHKt11nJ7SAVlYNIu+QpqeyXP+gpQJy/Z4+F0aGxSE4MqwjyXvW/TzgkLAx2AGHwQ==",
      "dev": true,
      "bin": {
        "tsc": "bin/tsc",
        "tsserver": "bin/tsserver"
      },
      "engines": {
        "node": ">=14.17"
      }
    }
  },
  "dependencies": {
    "ansi_up": {
      "version": "6.0.2",
      "resolved": "https://registry.npmjs.org/ansi_up/-/ansi_up-6.0.2.tgz",
      "integrity": "sha512-3G3vKvl1ilEp7J1u6BmULpMA0xVoW/f4Ekqhl8RTrJrhEBkonKn5k3bUc5Xt+qDayA6iDX0jyUh3AbZjB/l0tw=="
    },
    "typescript": {
      "version": "5.4.5",
      "resolved": "https://registry.npmjs.org/typescript/-/typescript-5.4.5.tgz",
      "integrity": "sha512-vcI4UpRgg81oIRUFwR0WSIHKt11nJ7SAVlYNIu+QpqeyXP+gpQJy/Z4+F0aGxSE4MqwjyXvW/TzgkLAx2AGHwQ==",
      "dev": true
    }
  }
}
